
Microsoft Visual Studio Solution File, Format Version 12.00
# Visual Studio Version 17
VisualStudioVersion = 17.3.32819.101
MinimumVisualStudioVersion = 10.0.40219.1
Project("{9A19103F-16F7-4668-BE54-9A1E7A4F7556}") = "HRSystemAPI", "HRSystemAssignment\HRSystemAPI.csproj", "{615D6AE3-4B0D-484F-924D-EC743C3FCA54}"
EndProject
Project("{FAE04EC0-301F-11D3-BF4B-00C04F79EFBC}") = "HRSystemUI", "HRSystemUI\HRSystemUI.csproj", "{3C6A5E3D-3072-454B-AACD-FF2C1E4046A2}"
EndProject
Global
	GlobalSection(SolutionConfigurationPlatforms) = preSolution
		Debug|Any CPU = Debug|Any CPU
		Release|Any CPU = Release|Any CPU
	EndGlobalSection
	GlobalSection(ProjectConfigurationPlatforms) = postSolution
		{615D6AE3-4B0D-484F-924D-EC743C3FCA54}.Debug|Any CPU.ActiveCfg = Debug|Any CPU
		{615D6AE3-4B0D-484F-924D-EC743C3FCA54}.Debug|Any CPU.Build.0 = Debug|Any CPU
		{615D6AE3-4B0D-484F-924D-EC743C3FCA54}.Release|Any CPU.ActiveCfg = Release|Any CPU
		{615D6AE3-4B0D-484F-924D-EC743C3FCA54}.Release|Any CPU.Build.0 = Release|Any CPU
		{3C6A5E3D-3072-454B-AACD-FF2C1E4046A2}.Debug|Any CPU.ActiveCfg = Debug|Any CPU
		{3C6A5E3D-3072-454B-AACD-FF2C1E4046A2}.Debug|Any CPU.Build.0 = Debug|Any CPU
		{3C6A5E3D-3072-454B-AACD-FF2C1E4046A2}.Release|Any CPU.ActiveCfg = Release|Any CPU
		{3C6A5E3D-3072-454B-AACD-FF2C1E4046A2}.Release|Any CPU.Build.0 = Release|Any CPU
	EndGlobalSection
	GlobalSection(SolutionProperties) = preSolution
		HideSolutionNode = FALSE
	EndGlobalSection
	GlobalSection(ExtensibilityGlobals) = postSolution
		SolutionGuid = {0A2D7A61-BB6E-4DD8-AC05-5F23460A78C8}
	EndGlobalSection
EndGlobal
